{
  "name": "efext_classses",
  "version": "0.1.0",
  "lockfileVersion": 1,
  "requires": true,
  "dependencies": {
    "@types/createjs": {
      "version": "0.0.29",
      "resolved": "https://registry.npmjs.org/@types/createjs/-/createjs-0.0.29.tgz",
      "integrity": "sha1-TRmw/qo4JS3NedeKOKTMbfPxgfw=",
      "dev": true,
      "requires": {
        "@types/createjs-lib": "*",
        "@types/easeljs": "*",
        "@types/preloadjs": "*",
        "@types/soundjs": "*",
        "@types/tweenjs": "*"
      }
    },
    "@types/createjs-lib": {
      "version": "0.0.29",
      "resolved": "https://registry.npmjs.org/@types/createjs-lib/-/createjs-lib-0.0.29.tgz",
      "integrity": "sha1-+uguO6hgZmOxkOeJzsfZxyj8Qdc=",
      "dev": true
    },
    "@types/easeljs": {
      "version": "1.0.0",
      "resolved": "https://registry.npmjs.org/@types/easeljs/-/easeljs-1.0.0.tgz",
      "integrity": "sha512-DkhxqkgylaZGeuod35MCiv1Rix8GnBGv+URRBZt4rsMvhyi7Iap6SZbeEN5bD3b8BXHozHEKB/to9ohUDr3GIA==",
      "dev": true,
      "requires": {
        "@types/createjs-lib": "*",
        "@types/tweenjs": "*"
      }
    },
    "@types/json5": {
      "version": "0.0.29",
      "resolved": "https://registry.npmjs.org/@types/json5/-/json5-0.0.29.tgz",
      "integrity": "sha1-7ihweulOEdK4J7y+UnC86n8+ce4="
    },
    "@types/preloadjs": {
      "version": "0.6.32",
      "resolved": "https://registry.npmjs.org/@types/preloadjs/-/preloadjs-0.6.32.tgz",
      "integrity": "sha1-Es/3x/kuODingNQ4zknIzsmBgw0=",
      "dev": true,
      "requires": {
        "@types/createjs-lib": "*"
      }
    },
    "@types/soundjs": {
      "version": "0.6.27",
      "resolved": "https://registry.npmjs.org/@types/soundjs/-/soundjs-0.6.27.tgz",
      "integrity": "sha1-3SNwNQ6vcnfeXtVZQOPn0qAWsSQ=",
      "dev": true,
      "requires": {
        "@types/createjs-lib": "*",
        "@types/preloadjs": "*"
      }
    },
    "@types/systemjs": {
      "version": "0.20.6",
      "resolved": "https://registry.npmjs.org/@types/systemjs/-/systemjs-0.20.6.tgz",
      "integrity": "sha512-p3yv9sBBJXi3noUG216BpUI7VtVBUAvBIfZNTiDROUY31YBfsFHM4DreS7XMekN8IjtX0ysvCnm6r3WnirnNeA=="
    },
    "@types/tweenjs": {
      "version": "0.6.27",
      "resolved": "https://registry.npmjs.org/@types/tweenjs/-/tweenjs-0.6.27.tgz",
      "integrity": "sha1-jdisx/Sr7o+St2krrnbZzo8d1gc=",
      "dev": true,
      "requires": {
        "@types/createjs-lib": "*"
      }
    },
    "json5": {
      "version": "1.0.1",
      "resolved": "https://registry.npmjs.org/json5/-/json5-1.0.1.tgz",
      "integrity": "sha512-aKS4WQjPenRxiQsC93MNfjx+nbF4PAdYzmd/1JIj8HYzqfbu86beTuNgXDzPknWk0n0uARlyewZo4s++ES36Ow==",
      "requires": {
        "minimist": "^1.2.0"
      }
    },
    "minimist": {
      "version": "1.2.6",
      "resolved": "https://registry.npmjs.org/minimist/-/minimist-1.2.6.tgz",
      "integrity": "sha512-Jsjnk4bw3YJqYzbdyBiNsPWHPfO++UGG749Cxs6peCu5Xg4nrena6OVxOYxrQTqww0Jmwt+Ref8rggumkTLz9Q=="
    },
    "systemjs": {
      "version": "0.21.2",
      "resolved": "https://registry.npmjs.org/systemjs/-/systemjs-0.21.2.tgz",
      "integrity": "sha512-jWyrotOEF5g/ofWVRUIQddGt92XU59jsIaFiQ73TIMyjDuEjhSrXKI4y2a29FtMkqHksDH9wHXPCWiZKH/A2gA==",
      "dev": true
    },
    "typescript": {
      "version": "2.6.2",
      "resolved": "https://registry.npmjs.org/typescript/-/typescript-2.6.2.tgz",
      "integrity": "sha1-PFtv1/beCRQmkCfwPAlGdY92c6Q=",
      "dev": true
    }
  }
}
